// !$*UTF8*$!
{
	archiveVersion = 1;
	classes = {
	};
	objectVersion = 46;
	objects = {

/* Begin PBXBuildFile section */
		01C831262506EAD6394B5696CD191A71 /* ISWToolkit-umbrella.h in Headers */ = {isa = PBXBuildFile; fileRef = 57189598CD211E0FF7BACC93AB63B416 /* ISWToolkit-umbrella.h */; settings = {ATTRIBUTES = (Public, ); }; };
		051A816D6DD0CAE13496DDCFE0829167 /* UIImage+Diff.h in Headers */ = {isa = PBXBuildFile; fileRef = 85E250EF19C5B5671AEC10BEB508D087 /* UIImage+Diff.h */; settings = {ATTRIBUTES = (Private, ); }; };
		094973D2D2F1E3B2E772F93C8147C6B9 /* UIApplication+StrictKeyWindow.m in Sources */ = {isa = PBXBuildFile; fileRef = 2EECE81A9AEC1ED1057A9C3C88DBCEBE /* UIApplication+StrictKeyWindow.m */; };
		18EA4E0D8B74F2B2BBF8F39B49F49BF9 /* XCTest.framework in Frameworks */ = {isa = PBXBuildFile; fileRef = E7843C520ED7D11392D872D57034A1BC /* XCTest.framework */; };
		1AB7934C16CE49DE196FFC7BE7278287 /* SwiftSupport.swift in Sources */ = {isa = PBXBuildFile; fileRef = D97545C39C4A5EE2631DD9FFECE76A40 /* SwiftSupport.swift */; };
		2F485B69F51E4F723A38410F31F08550 /* FBSnapshotTestController.h in Headers */ = {isa = PBXBuildFile; fileRef = 1374B79237CAC07693E99442FBED1F15 /* FBSnapshotTestController.h */; settings = {ATTRIBUTES = (Public, ); }; };
		336DABDBEF089F9BFA82FBCE0F10045C /* Pods-ISWToolkit_Example-dummy.m in Sources */ = {isa = PBXBuildFile; fileRef = E3721572FFA3D3DDDE75119DF7EE9C10 /* Pods-ISWToolkit_Example-dummy.m */; };
		35DD05FD595A6FE7F5A0692D12E319DC /* UIImage+Diff.m in Sources */ = {isa = PBXBuildFile; fileRef = B9CEF7D6C5E08AB80E58DABC75D882BC /* UIImage+Diff.m */; };
		389D4334C74EE8CD3B17434EA17B70BA /* Foundation.framework in Frameworks */ = {isa = PBXBuildFile; fileRef = C1A94602875A48A997AD3F08A33E6EAA /* Foundation.framework */; };
		421CDD701AEE0F2458A84200366CDD0F /* UIImage+Snapshot.h in Headers */ = {isa = PBXBuildFile; fileRef = 0B161931541BFE46DFEA2092EDDDA815 /* UIImage+Snapshot.h */; settings = {ATTRIBUTES = (Private, ); }; };
		47DEE95708BDBD11436162D166CD192E /* UIKit.framework in Frameworks */ = {isa = PBXBuildFile; fileRef = BBB6A925DF90E5500E7BDCC094FEBEA7 /* UIKit.framework */; };
		506D761F91EC3583789A837C559972FE /* FBSnapshotTestCase-dummy.m in Sources */ = {isa = PBXBuildFile; fileRef = 4792533D7EE0F440EE722DA4999E845C /* FBSnapshotTestCase-dummy.m */; };
		5BAEE83F40BCE4B16AB478E5F75584BC /* Pods-ISWToolkit_Tests-umbrella.h in Headers */ = {isa = PBXBuildFile; fileRef = 67B934B7F126B589A9D3F8D99ABBBD37 /* Pods-ISWToolkit_Tests-umbrella.h */; settings = {ATTRIBUTES = (Public, ); }; };
		5BC12F69E33ABA27B9E0B78128CE336D /* QuartzCore.framework in Frameworks */ = {isa = PBXBuildFile; fileRef = D77B07CA7D221E3EC46B93C00BF37CDE /* QuartzCore.framework */; };
		69DA8B003216466C60F029CBD79897F1 /* UIImage+Compare.m in Sources */ = {isa = PBXBuildFile; fileRef = 3B5E22F9517F21D3A0251F88FCAB281E /* UIImage+Compare.m */; };
		756564ABAF2892FE7140C92A1CDDCF65 /* UIImage+Snapshot.m in Sources */ = {isa = PBXBuildFile; fileRef = 3DBFBDCC891B770A2AC9EF0FB164B751 /* UIImage+Snapshot.m */; };
		8B0484CD34CBD3362303CA0E7D3CBAAD /* Pods-ISWToolkit_Example-umbrella.h in Headers */ = {isa = PBXBuildFile; fileRef = 4F43E1F6A95DD227C5CEB687269F61B4 /* Pods-ISWToolkit_Example-umbrella.h */; settings = {ATTRIBUTES = (Public, ); }; };
		9673CF780F48C8E4EC2A331717B1F67C /* FBSnapshotTestCase.h in Headers */ = {isa = PBXBuildFile; fileRef = E37899BD4B349060AA147E2A3721D3A2 /* FBSnapshotTestCase.h */; settings = {ATTRIBUTES = (Public, ); }; };
		A4F69F3477A935285620AC3031C5C848 /* FBSnapshotTestController.m in Sources */ = {isa = PBXBuildFile; fileRef = 052258A488A96C35531FAC73C4F42924 /* FBSnapshotTestController.m */; };
		B758FB09FE2C06C1B8E36A71A9D76D41 /* FBSnapshotTestCase-umbrella.h in Headers */ = {isa = PBXBuildFile; fileRef = A11D5B54955E3381F067364E427B571A /* FBSnapshotTestCase-umbrella.h */; settings = {ATTRIBUTES = (Public, ); }; };
		BC952FC04FC963C1294DCD619C9B6B3B /* UIApplication+StrictKeyWindow.h in Headers */ = {isa = PBXBuildFile; fileRef = B9109B8B333B5A1A3E92EFC09EDC10AC /* UIApplication+StrictKeyWindow.h */; settings = {ATTRIBUTES = (Project, ); }; };
		BE14F2198CDB0DAD98A567981D21C7A1 /* FBSnapshotTestCase.m in Sources */ = {isa = PBXBuildFile; fileRef = 39577E2B806B8B2D019998DE60728F63 /* FBSnapshotTestCase.m */; };
		BF30E4454945BE19E684AE557FD69DE9 /* Foundation.framework in Frameworks */ = {isa = PBXBuildFile; fileRef = C1A94602875A48A997AD3F08A33E6EAA /* Foundation.framework */; };
		BFCE460CC33E8872B7156D4166340178 /* FBSnapshotTestCasePlatform.h in Headers */ = {isa = PBXBuildFile; fileRef = 7E3DB4D092B985E76E227F7F313C6981 /* FBSnapshotTestCasePlatform.h */; settings = {ATTRIBUTES = (Public, ); }; };
		CAFA5E486BCE117A7D8C0FBF9DA6666B /* UIImage+Compare.h in Headers */ = {isa = PBXBuildFile; fileRef = 432938111B6FF0189EFFEDF2F845B308 /* UIImage+Compare.h */; settings = {ATTRIBUTES = (Private, ); }; };
		D0E060572E76FE5AC5CEFC4881089432 /* Pods-ISWToolkit_Tests-dummy.m in Sources */ = {isa = PBXBuildFile; fileRef = D9B5A94D0C51C3159B3389D160C1FE08 /* Pods-ISWToolkit_Tests-dummy.m */; };
		DAD9A0E0F40D3984B78A22F8D3CDAB45 /* Foundation.framework in Frameworks */ = {isa = PBXBuildFile; fileRef = C1A94602875A48A997AD3F08A33E6EAA /* Foundation.framework */; };
		DB7A106243AC974FC7EBEB00B506C786 /* FBSnapshotTestCasePlatform.m in Sources */ = {isa = PBXBuildFile; fileRef = 58A2557E7CE20AACCD1B28B1CD1F920D /* FBSnapshotTestCasePlatform.m */; };
		E827D047CA9EB9AC6FAB6C8DED9A8F42 /* Foundation.framework in Frameworks */ = {isa = PBXBuildFile; fileRef = C1A94602875A48A997AD3F08A33E6EAA /* Foundation.framework */; };
		F4EC7E1184673974AC2D16B0DDB58715 /* ISWToolkit-dummy.m in Sources */ = {isa = PBXBuildFile; fileRef = D1D4A76BAC64C2C2F02BEBCAFBE0C9A9 /* ISWToolkit-dummy.m */; };
/* End PBXBuildFile section */

/* Begin PBXContainerItemProxy section */
		28BE52CEEFFD7327A1EFD8AE7B2AED3B /* PBXContainerItemProxy */ = {
			isa = PBXContainerItemProxy;
			containerPortal = D41D8CD98F00B204E9800998ECF8427E /* Project object */;
			proxyType = 1;
			remoteGlobalIDString = 4586E70DF78E1717D049FE950089859D;
			remoteInfo = ISWToolkit;
		};
		9803B1E6A8CC630A0448FD2D40ADF9C9 /* PBXContainerItemProxy */ = {
			isa = PBXContainerItemProxy;
			containerPortal = D41D8CD98F00B204E9800998ECF8427E /* Project object */;
			proxyType = 1;
			remoteGlobalIDString = 0B8A22C7DD5189BEE39259AEA11E9AA7;
			remoteInfo = "Pods-ISWToolkit_Example";
		};
		BE326334D41369B698DF2C71594A8E54 /* PBXContainerItemProxy */ = {
			isa = PBXContainerItemProxy;
			containerPortal = D41D8CD98F00B204E9800998ECF8427E /* Project object */;
			proxyType = 1;
			remoteGlobalIDString = 34CD2E3428AB802BACA62286FF5074B1;
			remoteInfo = FBSnapshotTestCase;
		};
/* End PBXContainerItemProxy section */

/* Begin PBXFileReference section */
		052258A488A96C35531FAC73C4F42924 /* FBSnapshotTestController.m */ = {isa = PBXFileReference; includeInIndex = 1; lastKnownFileType = sourcecode.c.objc; name = FBSnapshotTestController.m; path = FBSnapshotTestCase/FBSnapshotTestController.m; sourceTree = "<group>"; };
		059589878B5414241769504597692C2F /* Pods-ISWToolkit_Tests.release.xcconfig */ = {isa = PBXFileReference; includeInIndex = 1; lastKnownFileType = text.xcconfig; path = "Pods-ISWToolkit_Tests.release.xcconfig"; sourceTree = "<group>"; };
		0B161931541BFE46DFEA2092EDDDA815 /* UIImage+Snapshot.h */ = {isa = PBXFileReference; includeInIndex = 1; lastKnownFileType = sourcecode.c.h; name = "UIImage+Snapshot.h"; path = "FBSnapshotTestCase/Categories/UIImage+Snapshot.h"; sourceTree = "<group>"; };
		0D9E496CB44590E086E0C419B2D71A9A /* README.md */ = {isa = PBXFileReference; includeInIndex = 1; lastKnownFileType = net.daringfireball.markdown; path = README.md; sourceTree = "<group>"; };
		0DC8FEAF48EF9EEB89DA841E6AE09A8D /* Pods-ISWToolkit_Example.modulemap */ = {isa = PBXFileReference; includeInIndex = 1; lastKnownFileType = sourcecode.module; path = "Pods-ISWToolkit_Example.modulemap"; sourceTree = "<group>"; };
		1374B79237CAC07693E99442FBED1F15 /* FBSnapshotTestController.h */ = {isa = PBXFileReference; includeInIndex = 1; lastKnownFileType = sourcecode.c.h; name = FBSnapshotTestController.h; path = FBSnapshotTestCase/FBSnapshotTestController.h; sourceTree = "<group>"; };
		153E4470C6E5E8C105C845A1EF5FFEE1 /* ISWToolkit.xcconfig */ = {isa = PBXFileReference; includeInIndex = 1; lastKnownFileType = text.xcconfig; path = ISWToolkit.xcconfig; sourceTree = "<group>"; };
		186EED2815B1683FCB79FC4682502D1E /* Pods-ISWToolkit_Example-acknowledgements.markdown */ = {isa = PBXFileReference; includeInIndex = 1; lastKnownFileType = text; path = "Pods-ISWToolkit_Example-acknowledgements.markdown"; sourceTree = "<group>"; };
		206DD2B1FA77E28A942BA91E79C19213 /* ISWToolkit.podspec */ = {isa = PBXFileReference; explicitFileType = text.script.ruby; includeInIndex = 1; path = ISWToolkit.podspec; sourceTree = "<group>"; xcLanguageSpecificationIdentifier = xcode.lang.ruby; };
		2EECE81A9AEC1ED1057A9C3C88DBCEBE /* UIApplication+StrictKeyWindow.m */ = {isa = PBXFileReference; includeInIndex = 1; lastKnownFileType = sourcecode.c.objc; name = "UIApplication+StrictKeyWindow.m"; path = "FBSnapshotTestCase/Categories/UIApplication+StrictKeyWindow.m"; sourceTree = "<group>"; };
		3203381D8FA73783861DD9B461430BD5 /* Info.plist */ = {isa = PBXFileReference; includeInIndex = 1; lastKnownFileType = text.plist.xml; path = Info.plist; sourceTree = "<group>"; };
		39577E2B806B8B2D019998DE60728F63 /* FBSnapshotTestCase.m */ = {isa = PBXFileReference; includeInIndex = 1; lastKnownFileType = sourcecode.c.objc; name = FBSnapshotTestCase.m; path = FBSnapshotTestCase/FBSnapshotTestCase.m; sourceTree = "<group>"; };
		39AF60ACE691DC1EA6FFB4C4C623CC9C /* LICENSE */ = {isa = PBXFileReference; includeInIndex = 1; lastKnownFileType = text; path = LICENSE; sourceTree = "<group>"; };
		3B5E22F9517F21D3A0251F88FCAB281E /* UIImage+Compare.m */ = {isa = PBXFileReference; includeInIndex = 1; lastKnownFileType = sourcecode.c.objc; name = "UIImage+Compare.m"; path = "FBSnapshotTestCase/Categories/UIImage+Compare.m"; sourceTree = "<group>"; };
		3DBFBDCC891B770A2AC9EF0FB164B751 /* UIImage+Snapshot.m */ = {isa = PBXFileReference; includeInIndex = 1; lastKnownFileType = sourcecode.c.objc; name = "UIImage+Snapshot.m"; path = "FBSnapshotTestCase/Categories/UIImage+Snapshot.m"; sourceTree = "<group>"; };
		3FBF4A6F42E03FDE2E7B9D8A497F9853 /* Pods-ISWToolkit_Tests-acknowledgements.plist */ = {isa = PBXFileReference; includeInIndex = 1; lastKnownFileType = text.plist.xml; path = "Pods-ISWToolkit_Tests-acknowledgements.plist"; sourceTree = "<group>"; };
		432938111B6FF0189EFFEDF2F845B308 /* UIImage+Compare.h */ = {isa = PBXFileReference; includeInIndex = 1; lastKnownFileType = sourcecode.c.h; name = "UIImage+Compare.h"; path = "FBSnapshotTestCase/Categories/UIImage+Compare.h"; sourceTree = "<group>"; };
		4792533D7EE0F440EE722DA4999E845C /* FBSnapshotTestCase-dummy.m */ = {isa = PBXFileReference; includeInIndex = 1; lastKnownFileType = sourcecode.c.objc; path = "FBSnapshotTestCase-dummy.m"; sourceTree = "<group>"; };
		4F43E1F6A95DD227C5CEB687269F61B4 /* Pods-ISWToolkit_Example-umbrella.h */ = {isa = PBXFileReference; includeInIndex = 1; lastKnownFileType = sourcecode.c.h; path = "Pods-ISWToolkit_Example-umbrella.h"; sourceTree = "<group>"; };
		56E076CA9AC18314FD01544ACB27F8F1 /* Pods-ISWToolkit_Tests.modulemap */ = {isa = PBXFileReference; includeInIndex = 1; lastKnownFileType = sourcecode.module; path = "Pods-ISWToolkit_Tests.modulemap"; sourceTree = "<group>"; };
		57189598CD211E0FF7BACC93AB63B416 /* ISWToolkit-umbrella.h */ = {isa = PBXFileReference; includeInIndex = 1; lastKnownFileType = sourcecode.c.h; path = "ISWToolkit-umbrella.h"; sourceTree = "<group>"; };
		58A2557E7CE20AACCD1B28B1CD1F920D /* FBSnapshotTestCasePlatform.m */ = {isa = PBXFileReference; includeInIndex = 1; lastKnownFileType = sourcecode.c.objc; name = FBSnapshotTestCasePlatform.m; path = FBSnapshotTestCase/FBSnapshotTestCasePlatform.m; sourceTree = "<group>"; };
		59468AC18A300EC13889EE047EA3BB07 /* Info.plist */ = {isa = PBXFileReference; includeInIndex = 1; lastKnownFileType = text.plist.xml; path = Info.plist; sourceTree = "<group>"; };
		67B934B7F126B589A9D3F8D99ABBBD37 /* Pods-ISWToolkit_Tests-umbrella.h */ = {isa = PBXFileReference; includeInIndex = 1; lastKnownFileType = sourcecode.c.h; path = "Pods-ISWToolkit_Tests-umbrella.h"; sourceTree = "<group>"; };
		67E276593855381568F725E69496F29C /* Info.plist */ = {isa = PBXFileReference; includeInIndex = 1; lastKnownFileType = text.plist.xml; path = Info.plist; sourceTree = "<group>"; };
		7ACB4053B240352FB4B04109A8DD613F /* Pods-ISWToolkit_Example-frameworks.sh */ = {isa = PBXFileReference; includeInIndex = 1; lastKnownFileType = text.script.sh; path = "Pods-ISWToolkit_Example-frameworks.sh"; sourceTree = "<group>"; };
		7B37D7C695D5C6C47A7C093595CD4F06 /* FBSnapshotTestCase.xcconfig */ = {isa = PBXFileReference; includeInIndex = 1; lastKnownFileType = text.xcconfig; path = FBSnapshotTestCase.xcconfig; sourceTree = "<group>"; };
		7E3DB4D092B985E76E227F7F313C6981 /* FBSnapshotTestCasePlatform.h */ = {isa = PBXFileReference; includeInIndex = 1; lastKnownFileType = sourcecode.c.h; name = FBSnapshotTestCasePlatform.h; path = FBSnapshotTestCase/FBSnapshotTestCasePlatform.h; sourceTree = "<group>"; };
		84F742642485B80690A14C093444F89A /* Pods-ISWToolkit_Example-acknowledgements.plist */ = {isa = PBXFileReference; includeInIndex = 1; lastKnownFileType = text.plist.xml; path = "Pods-ISWToolkit_Example-acknowledgements.plist"; sourceTree = "<group>"; };
		85E250EF19C5B5671AEC10BEB508D087 /* UIImage+Diff.h */ = {isa = PBXFileReference; includeInIndex = 1; lastKnownFileType = sourcecode.c.h; name = "UIImage+Diff.h"; path = "FBSnapshotTestCase/Categories/UIImage+Diff.h"; sourceTree = "<group>"; };
		8D1FC8D4DC8E5DEF02B5FAB14B28CAEA /* Pods-ISWToolkit_Tests-acknowledgements.markdown */ = {isa = PBXFileReference; includeInIndex = 1; lastKnownFileType = text; path = "Pods-ISWToolkit_Tests-acknowledgements.markdown"; sourceTree = "<group>"; };
		925AAE982CB45EB0EBCFAFB8F6654CD3 /* ISWToolkit.modulemap */ = {isa = PBXFileReference; includeInIndex = 1; lastKnownFileType = sourcecode.module; path = ISWToolkit.modulemap; sourceTree = "<group>"; };
		93A4A3777CF96A4AAC1D13BA6DCCEA73 /* Podfile */ = {isa = PBXFileReference; explicitFileType = text.script.ruby; includeInIndex = 1; name = Podfile; path = ../Podfile; sourceTree = SOURCE_ROOT; xcLanguageSpecificationIdentifier = xcode.lang.ruby; };
		A11D5B54955E3381F067364E427B571A /* FBSnapshotTestCase-umbrella.h */ = {isa = PBXFileReference; includeInIndex = 1; lastKnownFileType = sourcecode.c.h; path = "FBSnapshotTestCase-umbrella.h"; sourceTree = "<group>"; };
		B648EE9341BDD1E05F0C509D9CBD7BFF /* Pods-ISWToolkit_Example-resources.sh */ = {isa = PBXFileReference; includeInIndex = 1; lastKnownFileType = text.script.sh; path = "Pods-ISWToolkit_Example-resources.sh"; sourceTree = "<group>"; };
		B66747079BA43F71E2F8C342F0DB7897 /* Info.plist */ = {isa = PBXFileReference; includeInIndex = 1; lastKnownFileType = text.plist.xml; path = Info.plist; sourceTree = "<group>"; };
		B9109B8B333B5A1A3E92EFC09EDC10AC /* UIApplication+StrictKeyWindow.h */ = {isa = PBXFileReference; includeInIndex = 1; lastKnownFileType = sourcecode.c.h; name = "UIApplication+StrictKeyWindow.h"; path = "FBSnapshotTestCase/Categories/UIApplication+StrictKeyWindow.h"; sourceTree = "<group>"; };
		B9CEF7D6C5E08AB80E58DABC75D882BC /* UIImage+Diff.m */ = {isa = PBXFileReference; includeInIndex = 1; lastKnownFileType = sourcecode.c.objc; name = "UIImage+Diff.m"; path = "FBSnapshotTestCase/Categories/UIImage+Diff.m"; sourceTree = "<group>"; };
		BBB6A925DF90E5500E7BDCC094FEBEA7 /* UIKit.framework */ = {isa = PBXFileReference; lastKnownFileType = wrapper.framework; name = UIKit.framework; path = Platforms/iPhoneOS.platform/Developer/SDKs/iPhoneOS11.3.sdk/System/Library/Frameworks/UIKit.framework; sourceTree = DEVELOPER_DIR; };
		BC767E04ECDFCAF51542883CB02865D2 /* Pods_ISWToolkit_Example.framework */ = {isa = PBXFileReference; explicitFileType = wrapper.framework; includeInIndex = 0; path = Pods_ISWToolkit_Example.framework; sourceTree = BUILT_PRODUCTS_DIR; };
		BF8CB6F6193F96AAEBCC2ADCCD317848 /* Pods-ISWToolkit_Tests-resources.sh */ = {isa = PBXFileReference; includeInIndex = 1; lastKnownFileType = text.script.sh; path = "Pods-ISWToolkit_Tests-resources.sh"; sourceTree = "<group>"; };
		C1A94602875A48A997AD3F08A33E6EAA /* Foundation.framework */ = {isa = PBXFileReference; lastKnownFileType = wrapper.framework; name = Foundation.framework; path = Platforms/iPhoneOS.platform/Developer/SDKs/iPhoneOS11.3.sdk/System/Library/Frameworks/Foundation.framework; sourceTree = DEVELOPER_DIR; };
		C78158B2B8BC7B8FB606F8A5B80843F9 /* ISWToolkit.framework */ = {isa = PBXFileReference; explicitFileType = wrapper.framework; includeInIndex = 0; path = ISWToolkit.framework; sourceTree = BUILT_PRODUCTS_DIR; };
		C9DD9FE9B56942869EF5CBD6E60F4E9C /* Pods-ISWToolkit_Tests-frameworks.sh */ = {isa = PBXFileReference; includeInIndex = 1; lastKnownFileType = text.script.sh; path = "Pods-ISWToolkit_Tests-frameworks.sh"; sourceTree = "<group>"; };
		CB307AF7A8FB7A9B20EF12814C888934 /* Pods_ISWToolkit_Tests.framework */ = {isa = PBXFileReference; explicitFileType = wrapper.framework; includeInIndex = 0; path = Pods_ISWToolkit_Tests.framework; sourceTree = BUILT_PRODUCTS_DIR; };
		D1D4A76BAC64C2C2F02BEBCAFBE0C9A9 /* ISWToolkit-dummy.m */ = {isa = PBXFileReference; includeInIndex = 1; lastKnownFileType = sourcecode.c.objc; path = "ISWToolkit-dummy.m"; sourceTree = "<group>"; };
		D77B07CA7D221E3EC46B93C00BF37CDE /* QuartzCore.framework */ = {isa = PBXFileReference; lastKnownFileType = wrapper.framework; name = QuartzCore.framework; path = Platforms/iPhoneOS.platform/Developer/SDKs/iPhoneOS11.3.sdk/System/Library/Frameworks/QuartzCore.framework; sourceTree = DEVELOPER_DIR; };
		D7D0F4081297DA44AF2306B4A379DCBF /* Pods-ISWToolkit_Tests.debug.xcconfig */ = {isa = PBXFileReference; includeInIndex = 1; lastKnownFileType = text.xcconfig; path = "Pods-ISWToolkit_Tests.debug.xcconfig"; sourceTree = "<group>"; };
		D97545C39C4A5EE2631DD9FFECE76A40 /* SwiftSupport.swift */ = {isa = PBXFileReference; includeInIndex = 1; lastKnownFileType = sourcecode.swift; name = SwiftSupport.swift; path = FBSnapshotTestCase/SwiftSupport.swift; sourceTree = "<group>"; };
		D9B5A94D0C51C3159B3389D160C1FE08 /* Pods-ISWToolkit_Tests-dummy.m */ = {isa = PBXFileReference; includeInIndex = 1; lastKnownFileType = sourcecode.c.objc; path = "Pods-ISWToolkit_Tests-dummy.m"; sourceTree = "<group>"; };
		E3721572FFA3D3DDDE75119DF7EE9C10 /* Pods-ISWToolkit_Example-dummy.m */ = {isa = PBXFileReference; includeInIndex = 1; lastKnownFileType = sourcecode.c.objc; path = "Pods-ISWToolkit_Example-dummy.m"; sourceTree = "<group>"; };
		E37899BD4B349060AA147E2A3721D3A2 /* FBSnapshotTestCase.h */ = {isa = PBXFileReference; includeInIndex = 1; lastKnownFileType = sourcecode.c.h; name = FBSnapshotTestCase.h; path = FBSnapshotTestCase/FBSnapshotTestCase.h; sourceTree = "<group>"; };
		E663F048C4746DCD283FB646841555C9 /* Pods-ISWToolkit_Example.debug.xcconfig */ = {isa = PBXFileReference; includeInIndex = 1; lastKnownFileType = text.xcconfig; path = "Pods-ISWToolkit_Example.debug.xcconfig"; sourceTree = "<group>"; };
		E7843C520ED7D11392D872D57034A1BC /* XCTest.framework */ = {isa = PBXFileReference; lastKnownFileType = wrapper.framework; name = XCTest.framework; path = Platforms/iPhoneOS.platform/Developer/SDKs/iPhoneOS11.3.sdk/System/Library/Frameworks/XCTest.framework; sourceTree = DEVELOPER_DIR; };
		EB31331E0E91739684C028510904FC9E /* ISWToolkit-prefix.pch */ = {isa = PBXFileReference; includeInIndex = 1; lastKnownFileType = sourcecode.c.h; path = "ISWToolkit-prefix.pch"; sourceTree = "<group>"; };
		EF519A026B10AC73ABBE6E658308B29D /* FBSnapshotTestCase-prefix.pch */ = {isa = PBXFileReference; includeInIndex = 1; lastKnownFileType = sourcecode.c.h; path = "FBSnapshotTestCase-prefix.pch"; sourceTree = "<group>"; };
		F10CBDEE32E5F6BDECFB3D41F7DD0B03 /* FBSnapshotTestCase.modulemap */ = {isa = PBXFileReference; includeInIndex = 1; lastKnownFileType = sourcecode.module; path = FBSnapshotTestCase.modulemap; sourceTree = "<group>"; };
		F2F6A5EA8002119C1DC11E2C90F508C1 /* FBSnapshotTestCase.framework */ = {isa = PBXFileReference; explicitFileType = wrapper.framework; includeInIndex = 0; path = FBSnapshotTestCase.framework; sourceTree = BUILT_PRODUCTS_DIR; };
		F626A22675E8EC129B4CC5B2DB8C5108 /* Pods-ISWToolkit_Example.release.xcconfig */ = {isa = PBXFileReference; includeInIndex = 1; lastKnownFileType = text.xcconfig; path = "Pods-ISWToolkit_Example.release.xcconfig"; sourceTree = "<group>"; };
/* End PBXFileReference section */

/* Begin PBXFrameworksBuildPhase section */
		1D421A30A1BDB7E1C4216F64D0C939B1 /* Frameworks */ = {
			isa = PBXFrameworksBuildPhase;
			buildActionMask = 2147483647;
			files = (
				DAD9A0E0F40D3984B78A22F8D3CDAB45 /* Foundation.framework in Frameworks */,
				5BC12F69E33ABA27B9E0B78128CE336D /* QuartzCore.framework in Frameworks */,
				47DEE95708BDBD11436162D166CD192E /* UIKit.framework in Frameworks */,
				18EA4E0D8B74F2B2BBF8F39B49F49BF9 /* XCTest.framework in Frameworks */,
			);
			runOnlyForDeploymentPostprocessing = 0;
		};
		473099BC09A0B9A51E9F8223447DC5F6 /* Frameworks */ = {
			isa = PBXFrameworksBuildPhase;
			buildActionMask = 2147483647;
			files = (
				BF30E4454945BE19E684AE557FD69DE9 /* Foundation.framework in Frameworks */,
			);
			runOnlyForDeploymentPostprocessing = 0;
		};
		967F5F30E9914C058063EB4721BA7E22 /* Frameworks */ = {
			isa = PBXFrameworksBuildPhase;
			buildActionMask = 2147483647;
			files = (
				389D4334C74EE8CD3B17434EA17B70BA /* Foundation.framework in Frameworks */,
			);
			runOnlyForDeploymentPostprocessing = 0;
		};
		DE5C4A2137760D7802CAC301B3F5CBFC /* Frameworks */ = {
			isa = PBXFrameworksBuildPhase;
			buildActionMask = 2147483647;
			files = (
				E827D047CA9EB9AC6FAB6C8DED9A8F42 /* Foundation.framework in Frameworks */,
			);
			runOnlyForDeploymentPostprocessing = 0;
		};
/* End PBXFrameworksBuildPhase section */

/* Begin PBXGroup section */
		0F0B29FAE470CA9E268E7F7991D04724 /* ISWToolkit */ = {
			isa = PBXGroup;
			children = (
				D05C3FB09FDB588826EB7D0421B6BBF1 /* Pod */,
				13B090D40C002DD4B1FA3D0D3A191FB8 /* Support Files */,
			);
			name = ISWToolkit;
			path = ../..;
			sourceTree = "<group>";
		};
		13B090D40C002DD4B1FA3D0D3A191FB8 /* Support Files */ = {
			isa = PBXGroup;
			children = (
				3203381D8FA73783861DD9B461430BD5 /* Info.plist */,
				925AAE982CB45EB0EBCFAFB8F6654CD3 /* ISWToolkit.modulemap */,
				153E4470C6E5E8C105C845A1EF5FFEE1 /* ISWToolkit.xcconfig */,
				D1D4A76BAC64C2C2F02BEBCAFBE0C9A9 /* ISWToolkit-dummy.m */,
				EB31331E0E91739684C028510904FC9E /* ISWToolkit-prefix.pch */,
				57189598CD211E0FF7BACC93AB63B416 /* ISWToolkit-umbrella.h */,
			);
			name = "Support Files";
			path = "Example/Pods/Target Support Files/ISWToolkit";
			sourceTree = "<group>";
		};
		13B2A563E1AC3CC037F1D1D3D50D070B /* Targets Support Files */ = {
			isa = PBXGroup;
			children = (
				EC5B63B0818509F61FF9003011361B11 /* Pods-ISWToolkit_Example */,
				4E6692995257D159F723922E50685101 /* Pods-ISWToolkit_Tests */,
			);
			name = "Targets Support Files";
			sourceTree = "<group>";
		};
		14B8B9B15ECBE87983FF987239AB2D7B /* Frameworks */ = {
			isa = PBXGroup;
			children = (
				3EB1A8839A654B1F16EF9E6F67243337 /* iOS */,
			);
			name = Frameworks;
			sourceTree = "<group>";
		};
		2287B5EBEAA3C332F8DB9A1E61F5B097 /* FBSnapshotTestCase */ = {
			isa = PBXGroup;
			children = (
				F35791481CAFDD8E7715AE1B44687328 /* Core */,
				3288FCB8E15F6401DE6220AE5CA1D27B /* Support Files */,
				99E46DD4AB2256791F111C718CB0EEF8 /* SwiftSupport */,
			);
			path = FBSnapshotTestCase;
			sourceTree = "<group>";
		};
		3288FCB8E15F6401DE6220AE5CA1D27B /* Support Files */ = {
			isa = PBXGroup;
			children = (
				F10CBDEE32E5F6BDECFB3D41F7DD0B03 /* FBSnapshotTestCase.modulemap */,
				7B37D7C695D5C6C47A7C093595CD4F06 /* FBSnapshotTestCase.xcconfig */,
				4792533D7EE0F440EE722DA4999E845C /* FBSnapshotTestCase-dummy.m */,
				EF519A026B10AC73ABBE6E658308B29D /* FBSnapshotTestCase-prefix.pch */,
				A11D5B54955E3381F067364E427B571A /* FBSnapshotTestCase-umbrella.h */,
				67E276593855381568F725E69496F29C /* Info.plist */,
			);
			name = "Support Files";
			path = "../Target Support Files/FBSnapshotTestCase";
			sourceTree = "<group>";
		};
		3EB1A8839A654B1F16EF9E6F67243337 /* iOS */ = {
			isa = PBXGroup;
			children = (
				C1A94602875A48A997AD3F08A33E6EAA /* Foundation.framework */,
				D77B07CA7D221E3EC46B93C00BF37CDE /* QuartzCore.framework */,
				BBB6A925DF90E5500E7BDCC094FEBEA7 /* UIKit.framework */,
				E7843C520ED7D11392D872D57034A1BC /* XCTest.framework */,
			);
			name = iOS;
			sourceTree = "<group>";
		};
		4E6692995257D159F723922E50685101 /* Pods-ISWToolkit_Tests */ = {
			isa = PBXGroup;
			children = (
				59468AC18A300EC13889EE047EA3BB07 /* Info.plist */,
				56E076CA9AC18314FD01544ACB27F8F1 /* Pods-ISWToolkit_Tests.modulemap */,
				8D1FC8D4DC8E5DEF02B5FAB14B28CAEA /* Pods-ISWToolkit_Tests-acknowledgements.markdown */,
				3FBF4A6F42E03FDE2E7B9D8A497F9853 /* Pods-ISWToolkit_Tests-acknowledgements.plist */,
				D9B5A94D0C51C3159B3389D160C1FE08 /* Pods-ISWToolkit_Tests-dummy.m */,
				C9DD9FE9B56942869EF5CBD6E60F4E9C /* Pods-ISWToolkit_Tests-frameworks.sh */,
				BF8CB6F6193F96AAEBCC2ADCCD317848 /* Pods-ISWToolkit_Tests-resources.sh */,
				67B934B7F126B589A9D3F8D99ABBBD37 /* Pods-ISWToolkit_Tests-umbrella.h */,
				D7D0F4081297DA44AF2306B4A379DCBF /* Pods-ISWToolkit_Tests.debug.xcconfig */,
				059589878B5414241769504597692C2F /* Pods-ISWToolkit_Tests.release.xcconfig */,
			);
			name = "Pods-ISWToolkit_Tests";
			path = "Target Support Files/Pods-ISWToolkit_Tests";
			sourceTree = "<group>";
		};
		741B24A787AA19FAF27304F6FB2E39AE /* Products */ = {
			isa = PBXGroup;
			children = (
				F2F6A5EA8002119C1DC11E2C90F508C1 /* FBSnapshotTestCase.framework */,
				C78158B2B8BC7B8FB606F8A5B80843F9 /* ISWToolkit.framework */,
				BC767E04ECDFCAF51542883CB02865D2 /* Pods_ISWToolkit_Example.framework */,
				CB307AF7A8FB7A9B20EF12814C888934 /* Pods_ISWToolkit_Tests.framework */,
			);
			name = Products;
			sourceTree = "<group>";
		};
		7DB346D0F39D3F0E887471402A8071AB = {
			isa = PBXGroup;
			children = (
				93A4A3777CF96A4AAC1D13BA6DCCEA73 /* Podfile */,
				FD6A1C9F906949323C8A30F033997110 /* Development Pods */,
				14B8B9B15ECBE87983FF987239AB2D7B /* Frameworks */,
				FBD2D672921284E66F309CA3462F84D6 /* Pods */,
				741B24A787AA19FAF27304F6FB2E39AE /* Products */,
				13B2A563E1AC3CC037F1D1D3D50D070B /* Targets Support Files */,
			);
			sourceTree = "<group>";
		};
		99E46DD4AB2256791F111C718CB0EEF8 /* SwiftSupport */ = {
			isa = PBXGroup;
			children = (
				D97545C39C4A5EE2631DD9FFECE76A40 /* SwiftSupport.swift */,
			);
			name = SwiftSupport;
			sourceTree = "<group>";
		};
		D05C3FB09FDB588826EB7D0421B6BBF1 /* Pod */ = {
			isa = PBXGroup;
			children = (
				206DD2B1FA77E28A942BA91E79C19213 /* ISWToolkit.podspec */,
				39AF60ACE691DC1EA6FFB4C4C623CC9C /* LICENSE */,
				0D9E496CB44590E086E0C419B2D71A9A /* README.md */,
			);
			name = Pod;
			sourceTree = "<group>";
		};
		EC5B63B0818509F61FF9003011361B11 /* Pods-ISWToolkit_Example */ = {
			isa = PBXGroup;
			children = (
				B66747079BA43F71E2F8C342F0DB7897 /* Info.plist */,
				0DC8FEAF48EF9EEB89DA841E6AE09A8D /* Pods-ISWToolkit_Example.modulemap */,
				186EED2815B1683FCB79FC4682502D1E /* Pods-ISWToolkit_Example-acknowledgements.markdown */,
				84F742642485B80690A14C093444F89A /* Pods-ISWToolkit_Example-acknowledgements.plist */,
				E3721572FFA3D3DDDE75119DF7EE9C10 /* Pods-ISWToolkit_Example-dummy.m */,
				7ACB4053B240352FB4B04109A8DD613F /* Pods-ISWToolkit_Example-frameworks.sh */,
				B648EE9341BDD1E05F0C509D9CBD7BFF /* Pods-ISWToolkit_Example-resources.sh */,
				4F43E1F6A95DD227C5CEB687269F61B4 /* Pods-ISWToolkit_Example-umbrella.h */,
				E663F048C4746DCD283FB646841555C9 /* Pods-ISWToolkit_Example.debug.xcconfig */,
				F626A22675E8EC129B4CC5B2DB8C5108 /* Pods-ISWToolkit_Example.release.xcconfig */,
			);
			name = "Pods-ISWToolkit_Example";
			path = "Target Support Files/Pods-ISWToolkit_Example";
			sourceTree = "<group>";
		};
		F35791481CAFDD8E7715AE1B44687328 /* Core */ = {
			isa = PBXGroup;
			children = (
				E37899BD4B349060AA147E2A3721D3A2 /* FBSnapshotTestCase.h */,
				39577E2B806B8B2D019998DE60728F63 /* FBSnapshotTestCase.m */,
				7E3DB4D092B985E76E227F7F313C6981 /* FBSnapshotTestCasePlatform.h */,
				58A2557E7CE20AACCD1B28B1CD1F920D /* FBSnapshotTestCasePlatform.m */,
				1374B79237CAC07693E99442FBED1F15 /* FBSnapshotTestController.h */,
				052258A488A96C35531FAC73C4F42924 /* FBSnapshotTestController.m */,
				B9109B8B333B5A1A3E92EFC09EDC10AC /* UIApplication+StrictKeyWindow.h */,
				2EECE81A9AEC1ED1057A9C3C88DBCEBE /* UIApplication+StrictKeyWindow.m */,
				432938111B6FF0189EFFEDF2F845B308 /* UIImage+Compare.h */,
				3B5E22F9517F21D3A0251F88FCAB281E /* UIImage+Compare.m */,
				85E250EF19C5B5671AEC10BEB508D087 /* UIImage+Diff.h */,
				B9CEF7D6C5E08AB80E58DABC75D882BC /* UIImage+Diff.m */,
				0B161931541BFE46DFEA2092EDDDA815 /* UIImage+Snapshot.h */,
				3DBFBDCC891B770A2AC9EF0FB164B751 /* UIImage+Snapshot.m */,
			);
			name = Core;
			sourceTree = "<group>";
		};
		FBD2D672921284E66F309CA3462F84D6 /* Pods */ = {
			isa = PBXGroup;
			children = (
				2287B5EBEAA3C332F8DB9A1E61F5B097 /* FBSnapshotTestCase */,
			);
			name = Pods;
			sourceTree = "<group>";
		};
		FD6A1C9F906949323C8A30F033997110 /* Development Pods */ = {
			isa = PBXGroup;
			children = (
				0F0B29FAE470CA9E268E7F7991D04724 /* ISWToolkit */,
			);
			name = "Development Pods";
			sourceTree = "<group>";
		};
/* End PBXGroup section */

/* Begin PBXHeadersBuildPhase section */
		2799CC110C55003953A12C261F6CB75E /* Headers */ = {
			isa = PBXHeadersBuildPhase;
			buildActionMask = 2147483647;
			files = (
				8B0484CD34CBD3362303CA0E7D3CBAAD /* Pods-ISWToolkit_Example-umbrella.h in Headers */,
			);
			runOnlyForDeploymentPostprocessing = 0;
		};
		67345C05CCC1511858C9B2077621BBC0 /* Headers */ = {
			isa = PBXHeadersBuildPhase;
			buildActionMask = 2147483647;
			files = (
				01C831262506EAD6394B5696CD191A71 /* ISWToolkit-umbrella.h in Headers */,
			);
			runOnlyForDeploymentPostprocessing = 0;
		};
		9DC6F5AC11E37A1EB45C6473C9E800B6 /* Headers */ = {
			isa = PBXHeadersBuildPhase;
			buildActionMask = 2147483647;
			files = (
				B758FB09FE2C06C1B8E36A71A9D76D41 /* FBSnapshotTestCase-umbrella.h in Headers */,
				9673CF780F48C8E4EC2A331717B1F67C /* FBSnapshotTestCase.h in Headers */,
				BFCE460CC33E8872B7156D4166340178 /* FBSnapshotTestCasePlatform.h in Headers */,
				2F485B69F51E4F723A38410F31F08550 /* FBSnapshotTestController.h in Headers */,
				BC952FC04FC963C1294DCD619C9B6B3B /* UIApplication+StrictKeyWindow.h in Headers */,
				CAFA5E486BCE117A7D8C0FBF9DA6666B /* UIImage+Compare.h in Headers */,
				051A816D6DD0CAE13496DDCFE0829167 /* UIImage+Diff.h in Headers */,
				421CDD701AEE0F2458A84200366CDD0F /* UIImage+Snapshot.h in Headers */,
			);
			runOnlyForDeploymentPostprocessing = 0;
		};
		9F10CAAC90387880244DAEA6A7B03FF2 /* Headers */ = {
			isa = PBXHeadersBuildPhase;
			buildActionMask = 2147483647;
			files = (
				5BAEE83F40BCE4B16AB478E5F75584BC /* Pods-ISWToolkit_Tests-umbrella.h in Headers */,
			);
			runOnlyForDeploymentPostprocessing = 0;
		};
/* End PBXHeadersBuildPhase section */

/* Begin PBXNativeTarget section */
		0B8A22C7DD5189BEE39259AEA11E9AA7 /* Pods-ISWToolkit_Example */ = {
			isa = PBXNativeTarget;
			buildConfigurationList = 45FB02B3D693B759ED82C236E5D5C831 /* Build configuration list for PBXNativeTarget "Pods-ISWToolkit_Example" */;
			buildPhases = (
				DF12ABC7326A8996E3BF0E614C841876 /* Sources */,
				473099BC09A0B9A51E9F8223447DC5F6 /* Frameworks */,
				2799CC110C55003953A12C261F6CB75E /* Headers */,
			);
			buildRules = (
			);
			dependencies = (
				F20B9074BF952C3E4BBB20F8A23ECF5C /* PBXTargetDependency */,
			);
			name = "Pods-ISWToolkit_Example";
			productName = "Pods-ISWToolkit_Example";
			productReference = BC767E04ECDFCAF51542883CB02865D2 /* Pods_ISWToolkit_Example.framework */;
			productType = "com.apple.product-type.framework";
		};
		334C2081C7FA1C5C178A3848015EBF5F /* Pods-ISWToolkit_Tests */ = {
			isa = PBXNativeTarget;
			buildConfigurationList = CAE00FDE2261BF53E770AFE2764FBE0D /* Build configuration list for PBXNativeTarget "Pods-ISWToolkit_Tests" */;
			buildPhases = (
				E10389DFBF8C45751A045D998669B4EC /* Sources */,
				967F5F30E9914C058063EB4721BA7E22 /* Frameworks */,
				9F10CAAC90387880244DAEA6A7B03FF2 /* Headers */,
			);
			buildRules = (
			);
			dependencies = (
				BB9BBDEA2BACD975020EE414B0B1C282 /* PBXTargetDependency */,
				A5FB53F049D900429A6BBA2B80D6E26D /* PBXTargetDependency */,
			);
			name = "Pods-ISWToolkit_Tests";
			productName = "Pods-ISWToolkit_Tests";
			productReference = CB307AF7A8FB7A9B20EF12814C888934 /* Pods_ISWToolkit_Tests.framework */;
			productType = "com.apple.product-type.framework";
		};
		34CD2E3428AB802BACA62286FF5074B1 /* FBSnapshotTestCase */ = {
			isa = PBXNativeTarget;
			buildConfigurationList = F28097D43AF5CD8DA838ABD52A053790 /* Build configuration list for PBXNativeTarget "FBSnapshotTestCase" */;
			buildPhases = (
				E2E80CCD063D04B57A1A5E140726E8A4 /* Sources */,
				1D421A30A1BDB7E1C4216F64D0C939B1 /* Frameworks */,
				9DC6F5AC11E37A1EB45C6473C9E800B6 /* Headers */,
			);
			buildRules = (
			);
			dependencies = (
			);
			name = FBSnapshotTestCase;
			productName = FBSnapshotTestCase;
			productReference = F2F6A5EA8002119C1DC11E2C90F508C1 /* FBSnapshotTestCase.framework */;
			productType = "com.apple.product-type.framework";
		};
		4586E70DF78E1717D049FE950089859D /* ISWToolkit */ = {
			isa = PBXNativeTarget;
			buildConfigurationList = AE768AFB28FCA78C043C2DDD4BB51464 /* Build configuration list for PBXNativeTarget "ISWToolkit" */;
			buildPhases = (
				6B9B227D3151DDCB848E8FF6EFE85C7E /* Sources */,
				DE5C4A2137760D7802CAC301B3F5CBFC /* Frameworks */,
				67345C05CCC1511858C9B2077621BBC0 /* Headers */,
			);
			buildRules = (
			);
			dependencies = (
			);
			name = ISWToolkit;
			productName = ISWToolkit;
			productReference = C78158B2B8BC7B8FB606F8A5B80843F9 /* ISWToolkit.framework */;
			productType = "com.apple.product-type.framework";
		};
/* End PBXNativeTarget section */

/* Begin PBXProject section */
		D41D8CD98F00B204E9800998ECF8427E /* Project object */ = {
			isa = PBXProject;
			attributes = {
				LastSwiftUpdateCheck = 0930;
				LastUpgradeCheck = 0930;
			};
			buildConfigurationList = 2D8E8EC45A3A1A1D94AE762CB5028504 /* Build configuration list for PBXProject "_Pods" */;
			compatibilityVersion = "Xcode 3.2";
			developmentRegion = English;
			hasScannedForEncodings = 0;
			knownRegions = (
				en,
			);
			mainGroup = 7DB346D0F39D3F0E887471402A8071AB;
			productRefGroup = 741B24A787AA19FAF27304F6FB2E39AE /* Products */;
			projectDirPath = "";
			projectRoot = "";
			targets = (
				34CD2E3428AB802BACA62286FF5074B1 /* FBSnapshotTestCase */,
				4586E70DF78E1717D049FE950089859D /* ISWToolkit */,
				0B8A22C7DD5189BEE39259AEA11E9AA7 /* Pods-ISWToolkit_Example */,
				334C2081C7FA1C5C178A3848015EBF5F /* Pods-ISWToolkit_Tests */,
			);
		};
/* End PBXProject section */

/* Begin PBXSourcesBuildPhase section */
		6B9B227D3151DDCB848E8FF6EFE85C7E /* Sources */ = {
			isa = PBXSourcesBuildPhase;
			buildActionMask = 2147483647;
			files = (
				F4EC7E1184673974AC2D16B0DDB58715 /* ISWToolkit-dummy.m in Sources */,
			);
			runOnlyForDeploymentPostprocessing = 0;
		};
		DF12ABC7326A8996E3BF0E614C841876 /* Sources */ = {
			isa = PBXSourcesBuildPhase;
			buildActionMask = 2147483647;
			files = (
				336DABDBEF089F9BFA82FBCE0F10045C /* Pods-ISWToolkit_Example-dummy.m in Sources */,
			);
			runOnlyForDeploymentPostprocessing = 0;
		};
		E10389DFBF8C45751A045D998669B4EC /* Sources */ = {
			isa = PBXSourcesBuildPhase;
			buildActionMask = 2147483647;
			files = (
				D0E060572E76FE5AC5CEFC4881089432 /* Pods-ISWToolkit_Tests-dummy.m in Sources */,
			);
			runOnlyForDeploymentPostprocessing = 0;
		};
		E2E80CCD063D04B57A1A5E140726E8A4 /* Sources */ = {
			isa = PBXSourcesBuildPhase;
			buildActionMask = 2147483647;
			files = (
				506D761F91EC3583789A837C559972FE /* FBSnapshotTestCase-dummy.m in Sources */,
				BE14F2198CDB0DAD98A567981D21C7A1 /* FBSnapshotTestCase.m in Sources */,
				DB7A106243AC974FC7EBEB00B506C786 /* FBSnapshotTestCasePlatform.m in Sources */,
				A4F69F3477A935285620AC3031C5C848 /* FBSnapshotTestController.m in Sources */,
				1AB7934C16CE49DE196FFC7BE7278287 /* SwiftSupport.swift in Sources */,
				094973D2D2F1E3B2E772F93C8147C6B9 /* UIApplication+StrictKeyWindow.m in Sources */,
				69DA8B003216466C60F029CBD79897F1 /* UIImage+Compare.m in Sources */,
				35DD05FD595A6FE7F5A0692D12E319DC /* UIImage+Diff.m in Sources */,
				756564ABAF2892FE7140C92A1CDDCF65 /* UIImage+Snapshot.m in Sources */,
			);
			runOnlyForDeploymentPostprocessing = 0;
		};
/* End PBXSourcesBuildPhase section */

/* Begin PBXTargetDependency section */
		A5FB53F049D900429A6BBA2B80D6E26D /* PBXTargetDependency */ = {
			isa = PBXTargetDependency;
			name = "Pods-ISWToolkit_Example";
			target = 0B8A22C7DD5189BEE39259AEA11E9AA7 /* Pods-ISWToolkit_Example */;
			targetProxy = 9803B1E6A8CC630A0448FD2D40ADF9C9 /* PBXContainerItemProxy */;
		};
		BB9BBDEA2BACD975020EE414B0B1C282 /* PBXTargetDependency */ = {
			isa = PBXTargetDependency;
			name = FBSnapshotTestCase;
			target = 34CD2E3428AB802BACA62286FF5074B1 /* FBSnapshotTestCase */;
			targetProxy = BE326334D41369B698DF2C71594A8E54 /* PBXContainerItemProxy */;
		};
		F20B9074BF952C3E4BBB20F8A23ECF5C /* PBXTargetDependency */ = {
			isa = PBXTargetDependency;
			name = ISWToolkit;
			target = 4586E70DF78E1717D049FE950089859D /* ISWToolkit */;
			targetProxy = 28BE52CEEFFD7327A1EFD8AE7B2AED3B /* PBXContainerItemProxy */;
		};
/* End PBXTargetDependency section */

/* Begin XCBuildConfiguration section */
		1A1C7CDA6DDE6CB7E92081D861BA3E11 /* Release */ = {
			isa = XCBuildConfiguration;
			baseConfigurationReference = 059589878B5414241769504597692C2F /* Pods-ISWToolkit_Tests.release.xcconfig */;
			buildSettings = {
				ALWAYS_EMBED_SWIFT_STANDARD_LIBRARIES = NO;
				CODE_SIGN_IDENTITY = "";
				"CODE_SIGN_IDENTITY[sdk=appletvos*]" = "";
				"CODE_SIGN_IDENTITY[sdk=iphoneos*]" = "";
				"CODE_SIGN_IDENTITY[sdk=watchos*]" = "";
				CURRENT_PROJECT_VERSION = 1;
				DEFINES_MODULE = YES;
				DYLIB_COMPATIBILITY_VERSION = 1;
				DYLIB_CURRENT_VERSION = 1;
				DYLIB_INSTALL_NAME_BASE = "@rpath";
				INFOPLIST_FILE = "Target Support Files/Pods-ISWToolkit_Tests/Info.plist";
				INSTALL_PATH = "$(LOCAL_LIBRARY_DIR)/Frameworks";
				IPHONEOS_DEPLOYMENT_TARGET = 8.0;
				LD_RUNPATH_SEARCH_PATHS = "$(inherited) @executable_path/Frameworks @loader_path/Frameworks";
				MACH_O_TYPE = staticlib;
				MODULEMAP_FILE = "Target Support Files/Pods-ISWToolkit_Tests/Pods-ISWToolkit_Tests.modulemap";
				OTHER_LDFLAGS = "";
				OTHER_LIBTOOLFLAGS = "";
				PODS_ROOT = "$(SRCROOT)";
				PRODUCT_BUNDLE_IDENTIFIER = "org.cocoapods.${PRODUCT_NAME:rfc1034identifier}";
				PRODUCT_NAME = "$(TARGET_NAME:c99extidentifier)";
				SDKROOT = iphoneos;
				SKIP_INSTALL = YES;
				SWIFT_OPTIMIZATION_LEVEL = "-Owholemodule";
				TARGETED_DEVICE_FAMILY = "1,2";
				VALIDATE_PRODUCT = YES;
				VERSIONING_SYSTEM = "apple-generic";
				VERSION_INFO_PREFIX = "";
			};
			name = Release;
		};
		1EE19F5DD95931924296F637BF18BD8F /* Debug */ = {
			isa = XCBuildConfiguration;
			buildSettings = {
				ALWAYS_SEARCH_USER_PATHS = NO;
				CLANG_ANALYZER_NONNULL = YES;
				CLANG_ANALYZER_NUMBER_OBJECT_CONVERSION = YES_AGGRESSIVE;
				CLANG_CXX_LANGUAGE_STANDARD = "gnu++14";
				CLANG_CXX_LIBRARY = "libc++";
				CLANG_ENABLE_MODULES = YES;
				CLANG_ENABLE_OBJC_ARC = YES;
				CLANG_ENABLE_OBJC_WEAK = YES;
				CLANG_WARN_BLOCK_CAPTURE_AUTORELEASING = YES;
				CLANG_WARN_BOOL_CONVERSION = YES;
				CLANG_WARN_COMMA = YES;
				CLANG_WARN_CONSTANT_CONVERSION = YES;
				CLANG_WARN_DEPRECATED_OBJC_IMPLEMENTATIONS = YES;
				CLANG_WARN_DIRECT_OBJC_ISA_USAGE = YES_ERROR;
				CLANG_WARN_DOCUMENTATION_COMMENTS = YES;
				CLANG_WARN_EMPTY_BODY = YES;
				CLANG_WARN_ENUM_CONVERSION = YES;
				CLANG_WARN_INFINITE_RECURSION = YES;
				CLANG_WARN_INT_CONVERSION = YES;
				CLANG_WARN_NON_LITERAL_NULL_CONVERSION = YES;
				CLANG_WARN_OBJC_IMPLICIT_RETAIN_SELF = YES;
				CLANG_WARN_OBJC_LITERAL_CONVERSION = YES;
				CLANG_WARN_OBJC_ROOT_CLASS = YES_ERROR;
				CLANG_WARN_RANGE_LOOP_ANALYSIS = YES;
				CLANG_WARN_STRICT_PROTOTYPES = YES;
				CLANG_WARN_SUSPICIOUS_MOVE = YES;
				CLANG_WARN_UNGUARDED_AVAILABILITY = YES_AGGRESSIVE;
				CLANG_WARN_UNREACHABLE_CODE = YES;
				CLANG_WARN__DUPLICATE_METHOD_MATCH = YES;
				CODE_SIGNING_ALLOWED = NO;
				CODE_SIGNING_REQUIRED = NO;
				COPY_PHASE_STRIP = NO;
				DEBUG_INFORMATION_FORMAT = dwarf;
				ENABLE_STRICT_OBJC_MSGSEND = YES;
				ENABLE_TESTABILITY = YES;
				GCC_C_LANGUAGE_STANDARD = gnu11;
				GCC_DYNAMIC_NO_PIC = NO;
				GCC_NO_COMMON_BLOCKS = YES;
				GCC_OPTIMIZATION_LEVEL = 0;
				GCC_PREPROCESSOR_DEFINITIONS = (
					"POD_CONFIGURATION_DEBUG=1",
					"DEBUG=1",
					"$(inherited)",
				);
				GCC_WARN_64_TO_32_BIT_CONVERSION = YES;
				GCC_WARN_ABOUT_RETURN_TYPE = YES_ERROR;
				GCC_WARN_UNDECLARED_SELECTOR = YES;
				GCC_WARN_UNINITIALIZED_AUTOS = YES_AGGRESSIVE;
				GCC_WARN_UNUSED_FUNCTION = YES;
				GCC_WARN_UNUSED_VARIABLE = YES;
				IPHONEOS_DEPLOYMENT_TARGET = 8.0;
				MTL_ENABLE_DEBUG_INFO = YES;
				ONLY_ACTIVE_ARCH = YES;
				PRODUCT_NAME = "$(TARGET_NAME)";
				STRIP_INSTALLED_PRODUCT = NO;
				SWIFT_ACTIVE_COMPILATION_CONDITIONS = DEBUG;
				SYMROOT = "${SRCROOT}/../build";
			};
			name = Debug;
		};
		2821CE5A2283FABCC45CD1478A44A10A /* Release */ = {
			isa = XCBuildConfiguration;
			baseConfigurationReference = 153E4470C6E5E8C105C845A1EF5FFEE1 /* ISWToolkit.xcconfig */;
			buildSettings = {
				CODE_SIGN_IDENTITY = "";
				"CODE_SIGN_IDENTITY[sdk=appletvos*]" = "";
				"CODE_SIGN_IDENTITY[sdk=iphoneos*]" = "";
				"CODE_SIGN_IDENTITY[sdk=watchos*]" = "";
				CURRENT_PROJECT_VERSION = 1;
				DEFINES_MODULE = YES;
				DYLIB_COMPATIBILITY_VERSION = 1;
				DYLIB_CURRENT_VERSION = 1;
				DYLIB_INSTALL_NAME_BASE = "@rpath";
				GCC_PREFIX_HEADER = "Target Support Files/ISWToolkit/ISWToolkit-prefix.pch";
				INFOPLIST_FILE = "Target Support Files/ISWToolkit/Info.plist";
				INSTALL_PATH = "$(LOCAL_LIBRARY_DIR)/Frameworks";
				IPHONEOS_DEPLOYMENT_TARGET = 8.0;
				LD_RUNPATH_SEARCH_PATHS = "$(inherited) @executable_path/Frameworks @loader_path/Frameworks";
				MODULEMAP_FILE = "Target Support Files/ISWToolkit/ISWToolkit.modulemap";
				PRODUCT_MODULE_NAME = ISWToolkit;
				PRODUCT_NAME = ISWToolkit;
				SDKROOT = iphoneos;
				SKIP_INSTALL = YES;
				SWIFT_ACTIVE_COMPILATION_CONDITIONS = "$(inherited) ";
				TARGETED_DEVICE_FAMILY = "1,2";
				VALIDATE_PRODUCT = YES;
				VERSIONING_SYSTEM = "apple-generic";
				VERSION_INFO_PREFIX = "";
			};
			name = Release;
		};
		68FACF442578D942B182CF1DE19A5BE3 /* Release */ = {
			isa = XCBuildConfiguration;
			baseConfigurationReference = F626A22675E8EC129B4CC5B2DB8C5108 /* Pods-ISWToolkit_Example.release.xcconfig */;
			buildSettings = {
				ALWAYS_EMBED_SWIFT_STANDARD_LIBRARIES = NO;
				CODE_SIGN_IDENTITY = "";
				"CODE_SIGN_IDENTITY[sdk=appletvos*]" = "";
				"CODE_SIGN_IDENTITY[sdk=iphoneos*]" = "";
				"CODE_SIGN_IDENTITY[sdk=watchos*]" = "";
				CURRENT_PROJECT_VERSION = 1;
				DEFINES_MODULE = YES;
				DYLIB_COMPATIBILITY_VERSION = 1;
				DYLIB_CURRENT_VERSION = 1;
				DYLIB_INSTALL_NAME_BASE = "@rpath";
				INFOPLIST_FILE = "Target Support Files/Pods-ISWToolkit_Example/Info.plist";
				INSTALL_PATH = "$(LOCAL_LIBRARY_DIR)/Frameworks";
				IPHONEOS_DEPLOYMENT_TARGET = 8.0;
				LD_RUNPATH_SEARCH_PATHS = "$(inherited) @executable_path/Frameworks @loader_path/Frameworks";
				MACH_O_TYPE = staticlib;
				MODULEMAP_FILE = "Target Support Files/Pods-ISWToolkit_Example/Pods-ISWToolkit_Example.modulemap";
				OTHER_LDFLAGS = "";
				OTHER_LIBTOOLFLAGS = "";
				PODS_ROOT = "$(SRCROOT)";
				PRODUCT_BUNDLE_IDENTIFIER = "org.cocoapods.${PRODUCT_NAME:rfc1034identifier}";
				PRODUCT_NAME = "$(TARGET_NAME:c99extidentifier)";
				SDKROOT = iphoneos;
				SKIP_INSTALL = YES;
				TARGETED_DEVICE_FAMILY = "1,2";
				VALIDATE_PRODUCT = YES;
				VERSIONING_SYSTEM = "apple-generic";
				VERSION_INFO_PREFIX = "";
			};
			name = Release;
		};
		A38749C15819B02B742737E489EE0EEB /* Debug */ = {
			isa = XCBuildConfiguration;
			baseConfigurationReference = 7B37D7C695D5C6C47A7C093595CD4F06 /* FBSnapshotTestCase.xcconfig */;
			buildSettings = {
				CODE_SIGN_IDENTITY = "";
				"CODE_SIGN_IDENTITY[sdk=appletvos*]" = "";
				"CODE_SIGN_IDENTITY[sdk=iphoneos*]" = "";
				"CODE_SIGN_IDENTITY[sdk=watchos*]" = "";
				CURRENT_PROJECT_VERSION = 1;
				DEFINES_MODULE = YES;
				DYLIB_COMPATIBILITY_VERSION = 1;
				DYLIB_CURRENT_VERSION = 1;
				DYLIB_INSTALL_NAME_BASE = "@rpath";
				GCC_PREFIX_HEADER = "Target Support Files/FBSnapshotTestCase/FBSnapshotTestCase-prefix.pch";
				INFOPLIST_FILE = "Target Support Files/FBSnapshotTestCase/Info.plist";
				INSTALL_PATH = "$(LOCAL_LIBRARY_DIR)/Frameworks";
				IPHONEOS_DEPLOYMENT_TARGET = 8.0;
				LD_RUNPATH_SEARCH_PATHS = "$(inherited) @executable_path/Frameworks @loader_path/Frameworks";
				MODULEMAP_FILE = "Target Support Files/FBSnapshotTestCase/FBSnapshotTestCase.modulemap";
				PRODUCT_MODULE_NAME = FBSnapshotTestCase;
				PRODUCT_NAME = FBSnapshotTestCase;
				SDKROOT = iphoneos;
				SKIP_INSTALL = YES;
				SWIFT_ACTIVE_COMPILATION_CONDITIONS = "$(inherited) ";
				SWIFT_OPTIMIZATION_LEVEL = "-Onone";
				TARGETED_DEVICE_FAMILY = "1,2";
				VERSIONING_SYSTEM = "apple-generic";
				VERSION_INFO_PREFIX = "";
			};
			name = Debug;
		};
		AB74B6A60AA3078D80BB7D633DFBCA01 /* Release */ = {
			isa = XCBuildConfiguration;
			baseConfigurationReference = 7B37D7C695D5C6C47A7C093595CD4F06 /* FBSnapshotTestCase.xcconfig */;
			buildSettings = {
				CODE_SIGN_IDENTITY = "";
				"CODE_SIGN_IDENTITY[sdk=appletvos*]" = "";
				"CODE_SIGN_IDENTITY[sdk=iphoneos*]" = "";
				"CODE_SIGN_IDENTITY[sdk=watchos*]" = "";
				CURRENT_PROJECT_VERSION = 1;
				DEFINES_MODULE = YES;
				DYLIB_COMPATIBILITY_VERSION = 1;
				DYLIB_CURRENT_VERSION = 1;
				DYLIB_INSTALL_NAME_BASE = "@rpath";
				GCC_PREFIX_HEADER = "Target Support Files/FBSnapshotTestCase/FBSnapshotTestCase-prefix.pch";
				INFOPLIST_FILE = "Target Support Files/FBSnapshotTestCase/Info.plist";
				INSTALL_PATH = "$(LOCAL_LIBRARY_DIR)/Frameworks";
				IPHONEOS_DEPLOYMENT_TARGET = 8.0;
				LD_RUNPATH_SEARCH_PATHS = "$(inherited) @executable_path/Frameworks @loader_path/Frameworks";
				MODULEMAP_FILE = "Target Support Files/FBSnapshotTestCase/FBSnapshotTestCase.modulemap";
				PRODUCT_MODULE_NAME = FBSnapshotTestCase;
				PRODUCT_NAME = FBSnapshotTestCase;
				SDKROOT = iphoneos;
				SKIP_INSTALL = YES;
				SWIFT_ACTIVE_COMPILATION_CONDITIONS = "$(inherited) ";
				SWIFT_OPTIMIZATION_LEVEL = "-Owholemodule";
				TARGETED_DEVICE_FAMILY = "1,2";
				VALIDATE_PRODUCT = YES;
				VERSIONING_SYSTEM = "apple-generic";
				VERSION_INFO_PREFIX = "";
			};
			name = Release;
		};
		ADB5145E2728CF29FB2524AC00181BC9 /* Debug */ = {
			isa = XCBuildConfiguration;
			baseConfigurationReference = E663F048C4746DCD283FB646841555C9 /* Pods-ISWToolkit_Example.debug.xcconfig */;
			buildSettings = {
				ALWAYS_EMBED_SWIFT_STANDARD_LIBRARIES = NO;
				CODE_SIGN_IDENTITY = "";
				"CODE_SIGN_IDENTITY[sdk=appletvos*]" = "";
				"CODE_SIGN_IDENTITY[sdk=iphoneos*]" = "";
				"CODE_SIGN_IDENTITY[sdk=watchos*]" = "";
				CURRENT_PROJECT_VERSION = 1;
				DEFINES_MODULE = YES;
				DYLIB_COMPATIBILITY_VERSION = 1;
				DYLIB_CURRENT_VERSION = 1;
				DYLIB_INSTALL_NAME_BASE = "@rpath";
				INFOPLIST_FILE = "Target Support Files/Pods-ISWToolkit_Example/Info.plist";
				INSTALL_PATH = "$(LOCAL_LIBRARY_DIR)/Frameworks";
				IPHONEOS_DEPLOYMENT_TARGET = 8.0;
				LD_RUNPATH_SEARCH_PATHS = "$(inherited) @executable_path/Frameworks @loader_path/Frameworks";
				MACH_O_TYPE = staticlib;
				MODULEMAP_FILE = "Target Support Files/Pods-ISWToolkit_Example/Pods-ISWToolkit_Example.modulemap";
				OTHER_LDFLAGS = "";
				OTHER_LIBTOOLFLAGS = "";
				PODS_ROOT = "$(SRCROOT)";
				PRODUCT_BUNDLE_IDENTIFIER = "org.cocoapods.${PRODUCT_NAME:rfc1034identifier}";
				PRODUCT_NAME = "$(TARGET_NAME:c99extidentifier)";
				SDKROOT = iphoneos;
				SKIP_INSTALL = YES;
				TARGETED_DEVICE_FAMILY = "1,2";
				VERSIONING_SYSTEM = "apple-generic";
				VERSION_INFO_PREFIX = "";
			};
			name = Debug;
		};
		F4568DEE257655D290C2B9CEAB37C934 /* Release */ = {
			isa = XCBuildConfiguration;
			buildSettings = {
				ALWAYS_SEARCH_USER_PATHS = NO;
				CLANG_ANALYZER_NONNULL = YES;
				CLANG_ANALYZER_NUMBER_OBJECT_CONVERSION = YES_AGGRESSIVE;
				CLANG_CXX_LANGUAGE_STANDARD = "gnu++14";
				CLANG_CXX_LIBRARY = "libc++";
				CLANG_ENABLE_MODULES = YES;
				CLANG_ENABLE_OBJC_ARC = YES;
				CLANG_ENABLE_OBJC_WEAK = YES;
				CLANG_WARN_BLOCK_CAPTURE_AUTORELEASING = YES;
				CLANG_WARN_BOOL_CONVERSION = YES;
				CLANG_WARN_COMMA = YES;
				CLANG_WARN_CONSTANT_CONVERSION = YES;
				CLANG_WARN_DEPRECATED_OBJC_IMPLEMENTATIONS = YES;
				CLANG_WARN_DIRECT_OBJC_ISA_USAGE = YES_ERROR;
				CLANG_WARN_DOCUMENTATION_COMMENTS = YES;
				CLANG_WARN_EMPTY_BODY = YES;
				CLANG_WARN_ENUM_CONVERSION = YES;
				CLANG_WARN_INFINITE_RECURSION = YES;
				CLANG_WARN_INT_CONVERSION = YES;
				CLANG_WARN_NON_LITERAL_NULL_CONVERSION = YES;
				CLANG_WARN_OBJC_IMPLICIT_RETAIN_SELF = YES;
				CLANG_WARN_OBJC_LITERAL_CONVERSION = YES;
				CLANG_WARN_OBJC_ROOT_CLASS = YES_ERROR;
				CLANG_WARN_RANGE_LOOP_ANALYSIS = YES;
				CLANG_WARN_STRICT_PROTOTYPES = YES;
				CLANG_WARN_SUSPICIOUS_MOVE = YES;
				CLANG_WARN_UNGUARDED_AVAILABILITY = YES_AGGRESSIVE;
				CLANG_WARN_UNREACHABLE_CODE = YES;
				CLANG_WARN__DUPLICATE_METHOD_MATCH = YES;
				CODE_SIGNING_ALLOWED = NO;
				CODE_SIGNING_REQUIRED = NO;
				COPY_PHASE_STRIP = NO;
				DEBUG_INFORMATION_FORMAT = "dwarf-with-dsym";
				ENABLE_NS_ASSERTIONS = NO;
				ENABLE_STRICT_OBJC_MSGSEND = YES;
				GCC_C_LANGUAGE_STANDARD = gnu11;
				GCC_NO_COMMON_BLOCKS = YES;
				GCC_PREPROCESSOR_DEFINITIONS = (
					"POD_CONFIGURATION_RELEASE=1",
					"$(inherited)",
				);
				GCC_WARN_64_TO_32_BIT_CONVERSION = YES;
				GCC_WARN_ABOUT_RETURN_TYPE = YES_ERROR;
				GCC_WARN_UNDECLARED_SELECTOR = YES;
				GCC_WARN_UNINITIALIZED_AUTOS = YES_AGGRESSIVE;
				GCC_WARN_UNUSED_FUNCTION = YES;
				GCC_WARN_UNUSED_VARIABLE = YES;
				IPHONEOS_DEPLOYMENT_TARGET = 8.0;
				MTL_ENABLE_DEBUG_INFO = NO;
				PRODUCT_NAME = "$(TARGET_NAME)";
				STRIP_INSTALLED_PRODUCT = NO;
				SYMROOT = "${SRCROOT}/../build";
			};
			name = Release;
		};
		F606EB7EB974EE92FB54B396FB49A9AA /* Debug */ = {
			isa = XCBuildConfiguration;
			baseConfigurationReference = 153E4470C6E5E8C105C845A1EF5FFEE1 /* ISWToolkit.xcconfig */;
			buildSettings = {
				CODE_SIGN_IDENTITY = "";
				"CODE_SIGN_IDENTITY[sdk=appletvos*]" = "";
				"CODE_SIGN_IDENTITY[sdk=iphoneos*]" = "";
				"CODE_SIGN_IDENTITY[sdk=watchos*]" = "";
				CURRENT_PROJECT_VERSION = 1;
				DEFINES_MODULE = YES;
				DYLIB_COMPATIBILITY_VERSION = 1;
				DYLIB_CURRENT_VERSION = 1;
				DYLIB_INSTALL_NAME_BASE = "@rpath";
				GCC_PREFIX_HEADER = "Target Support Files/ISWToolkit/ISWToolkit-prefix.pch";
				INFOPLIST_FILE = "Target Support Files/ISWToolkit/Info.plist";
				INSTALL_PATH = "$(LOCAL_LIBRARY_DIR)/Frameworks";
				IPHONEOS_DEPLOYMENT_TARGET = 8.0;
				LD_RUNPATH_SEARCH_PATHS = "$(inherited) @executable_path/Frameworks @loader_path/Frameworks";
				MODULEMAP_FILE = "Target Support Files/ISWToolkit/ISWToolkit.modulemap";
				PRODUCT_MODULE_NAME = ISWToolkit;
				PRODUCT_NAME = ISWToolkit;
				SDKROOT = iphoneos;
				SKIP_INSTALL = YES;
				SWIFT_ACTIVE_COMPILATION_CONDITIONS = "$(inherited) ";
				TARGETED_DEVICE_FAMILY = "1,2";
				VERSIONING_SYSTEM = "apple-generic";
				VERSION_INFO_PREFIX = "";
			};
			name = Debug;
		};
		FFC66A07CF490BA410BEDD9D1578B811 /* Debug */ = {
			isa = XCBuildConfiguration;
			baseConfigurationReference = D7D0F4081297DA44AF2306B4A379DCBF /* Pods-ISWToolkit_Tests.debug.xcconfig */;
			buildSettings = {
				ALWAYS_EMBED_SWIFT_STANDARD_LIBRARIES = NO;
				CODE_SIGN_IDENTITY = "";
				"CODE_SIGN_IDENTITY[sdk=appletvos*]" = "";
				"CODE_SIGN_IDENTITY[sdk=iphoneos*]" = "";
				"CODE_SIGN_IDENTITY[sdk=watchos*]" = "";
				CURRENT_PROJECT_VERSION = 1;
				DEFINES_MODULE = YES;
				DYLIB_COMPATIBILITY_VERSION = 1;
				DYLIB_CURRENT_VERSION = 1;
				DYLIB_INSTALL_NAME_BASE = "@rpath";
				INFOPLIST_FILE = "Target Support Files/Pods-ISWToolkit_Tests/Info.plist";
				INSTALL_PATH = "$(LOCAL_LIBRARY_DIR)/Frameworks";
				IPHONEOS_DEPLOYMENT_TARGET = 8.0;
				LD_RUNPATH_SEARCH_PATHS = "$(inherited) @executable_path/Frameworks @loader_path/Frameworks";
				MACH_O_TYPE = staticlib;
				MODULEMAP_FILE = "Target Support Files/Pods-ISWToolkit_Tests/Pods-ISWToolkit_Tests.modulemap";
				OTHER_LDFLAGS = "";
				OTHER_LIBTOOLFLAGS = "";
				PODS_ROOT = "$(SRCROOT)";
				PRODUCT_BUNDLE_IDENTIFIER = "org.cocoapods.${PRODUCT_NAME:rfc1034identifier}";
				PRODUCT_NAME = "$(TARGET_NAME:c99extidentifier)";
				SDKROOT = iphoneos;
				SKIP_INSTALL = YES;
				SWIFT_ACTIVE_COMPILATION_CONDITIONS = DEBUG;
				SWIFT_OPTIMIZATION_LEVEL = "-Onone";
				TARGETED_DEVICE_FAMILY = "1,2";
				VERSIONING_SYSTEM = "apple-generic";
				VERSION_INFO_PREFIX = "";
			};
			name = Debug;
		};
/* End XCBuildConfiguration section */

/* Begin XCConfigurationList section */
		2D8E8EC45A3A1A1D94AE762CB5028504 /* Build configuration list for PBXProject "_Pods" */ = {
			isa = XCConfigurationList;
			buildConfigurations = (
				1EE19F5DD95931924296F637BF18BD8F /* Debug */,
				F4568DEE257655D290C2B9CEAB37C934 /* Release */,
			);
			defaultConfigurationIsVisible = 0;
			defaultConfigurationName = Release;
		};
		45FB02B3D693B759ED82C236E5D5C831 /* Build configuration list for PBXNativeTarget "Pods-ISWToolkit_Example" */ = {
			isa = XCConfigurationList;
			buildConfigurations = (
				ADB5145E2728CF29FB2524AC00181BC9 /* Debug */,
				68FACF442578D942B182CF1DE19A5BE3 /* Release */,
			);
			defaultConfigurationIsVisible = 0;
			defaultConfigurationName = Release;
		};
		AE768AFB28FCA78C043C2DDD4BB51464 /* Build configuration list for PBXNativeTarget "ISWToolkit" */ = {
			isa = XCConfigurationList;
			buildConfigurations = (
				F606EB7EB974EE92FB54B396FB49A9AA /* Debug */,
				2821CE5A2283FABCC45CD1478A44A10A /* Release */,
			);
			defaultConfigurationIsVisible = 0;
			defaultConfigurationName = Release;
		};
		CAE00FDE2261BF53E770AFE2764FBE0D /* Build configuration list for PBXNativeTarget "Pods-ISWToolkit_Tests" */ = {
			isa = XCConfigurationList;
			buildConfigurations = (
				FFC66A07CF490BA410BEDD9D1578B811 /* Debug */,
				1A1C7CDA6DDE6CB7E92081D861BA3E11 /* Release */,
			);
			defaultConfigurationIsVisible = 0;
			defaultConfigurationName = Release;
		};
		F28097D43AF5CD8DA838ABD52A053790 /* Build configuration list for PBXNativeTarget "FBSnapshotTestCase" */ = {
			isa = XCConfigurationList;
			buildConfigurations = (
				A38749C15819B02B742737E489EE0EEB /* Debug */,
				AB74B6A60AA3078D80BB7D633DFBCA01 /* Release */,
			);
			defaultConfigurationIsVisible = 0;
			defaultConfigurationName = Release;
		};
/* End XCConfigurationList section */
	};
	rootObject = D41D8CD98F00B204E9800998ECF8427E /* Project object */;
}
